// !$*UTF8*$!
{
	archiveVersion = 1;
	classes = {
	};
	objectVersion = 55;
	objects = {

/* Begin PBXBuildFile section */
		5F0866102767EC2100D62433 /* PreferenceKeyBootcamp.swift in Sources */ = {isa = PBXBuildFile; fileRef = 5F08660F2767EC2100D62433 /* PreferenceKeyBootcamp.swift */; };
		5F0866122767EF8800D62433 /* GeometryPreferenceKeyBootcamp.swift in Sources */ = {isa = PBXBuildFile; fileRef = 5F0866112767EF8800D62433 /* GeometryPreferenceKeyBootcamp.swift */; };
		5F0866152767F1D100D62433 /* ScrollViewOffsetPreferenceKeyBootcamp.swift in Sources */ = {isa = PBXBuildFile; fileRef = 5F0866142767F1D100D62433 /* ScrollViewOffsetPreferenceKeyBootcamp.swift */; };
		5F1F5E40274D89FF0031EA9A /* PracticeProject2App.swift in Sources */ = {isa = PBXBuildFile; fileRef = 5F1F5E3F274D89FF0031EA9A /* PracticeProject2App.swift */; };
		5F1F5E44274D8A010031EA9A /* Assets.xcassets in Resources */ = {isa = PBXBuildFile; fileRef = 5F1F5E43274D8A010031EA9A /* Assets.xcassets */; };
		5F1F5E47274D8A010031EA9A /* Preview Assets.xcassets in Resources */ = {isa = PBXBuildFile; fileRef = 5F1F5E46274D8A010031EA9A /* Preview Assets.xcassets */; };
		5F1F5E4E274D8ABB0031EA9A /* ViewModifierBootcamp.swift in Sources */ = {isa = PBXBuildFile; fileRef = 5F1F5E4D274D8ABB0031EA9A /* ViewModifierBootcamp.swift */; };
		5F3907122767B7D500EAAD73 /* GenericsBootcamp.swift in Sources */ = {isa = PBXBuildFile; fileRef = 5F3907112767B7D500EAAD73 /* GenericsBootcamp.swift */; };
		5F3907162767C1CF00EAAD73 /* ViewBuilderBootcamp.swift in Sources */ = {isa = PBXBuildFile; fileRef = 5F3907152767C1CF00EAAD73 /* ViewBuilderBootcamp.swift */; };
		5F3EB5DE2763CC6900A3720E /* MatchedGeometryEffectBootcamp.swift in Sources */ = {isa = PBXBuildFile; fileRef = 5F3EB5DD2763CC6900A3720E /* MatchedGeometryEffectBootcamp.swift */; };
		5F3EB5E02763D22B00A3720E /* CustomShapesBootcamp.swift in Sources */ = {isa = PBXBuildFile; fileRef = 5F3EB5DF2763D22B00A3720E /* CustomShapesBootcamp.swift */; };
		5F49B69C27690AF7000AFB94 /* AppTabBarView.swift in Sources */ = {isa = PBXBuildFile; fileRef = 5F49B69B27690AF7000AFB94 /* AppTabBarView.swift */; };
		5F49B69E27690C34000AFB94 /* CustomTabBarView.swift in Sources */ = {isa = PBXBuildFile; fileRef = 5F49B69D27690C34000AFB94 /* CustomTabBarView.swift */; };
		5F49B6A027690EF8000AFB94 /* CustomTabBarContainerView.swift in Sources */ = {isa = PBXBuildFile; fileRef = 5F49B69F27690EF8000AFB94 /* CustomTabBarContainerView.swift */; };
		5F49B6A22769127A000AFB94 /* TabBarItemsPreferenceKeys.swift in Sources */ = {isa = PBXBuildFile; fileRef = 5F49B6A12769127A000AFB94 /* TabBarItemsPreferenceKeys.swift */; };
		5F49B6A42769158F000AFB94 /* TabBarItem.swift in Sources */ = {isa = PBXBuildFile; fileRef = 5F49B6A32769158F000AFB94 /* TabBarItem.swift */; };
		5F5B02DA2765341E00ED1499 /* CustomCurvesBootcamp.swift in Sources */ = {isa = PBXBuildFile; fileRef = 5F5B02D92765341E00ED1499 /* CustomCurvesBootcamp.swift */; };
		5F82D2FD27668415007D434F /* AnimatableDataBootcamp.swift in Sources */ = {isa = PBXBuildFile; fileRef = 5F82D2FC27668415007D434F /* AnimatableDataBootcamp.swift */; };
		5FC813AF276A84510085D604 /* AppNavBarView.swift in Sources */ = {isa = PBXBuildFile; fileRef = 5FC813AE276A84510085D604 /* AppNavBarView.swift */; };
		5FC813B1276A85D90085D604 /* CustomNavBarView.swift in Sources */ = {isa = PBXBuildFile; fileRef = 5FC813B0276A85D90085D604 /* CustomNavBarView.swift */; };
		5FC813B3276A879D0085D604 /* CustomNavBarContainerView.swift in Sources */ = {isa = PBXBuildFile; fileRef = 5FC813B2276A879D0085D604 /* CustomNavBarContainerView.swift */; };
		5FC813B5276A89510085D604 /* CustomNavView.swift in Sources */ = {isa = PBXBuildFile; fileRef = 5FC813B4276A89510085D604 /* CustomNavView.swift */; };
		5FC813BA276A8AE50085D604 /* CustomNavLink.swift in Sources */ = {isa = PBXBuildFile; fileRef = 5FC813B9276A8AE50085D604 /* CustomNavLink.swift */; };
		5FC813BC276A8D8B0085D604 /* CustomNavBarPrefrenceKeys.swift in Sources */ = {isa = PBXBuildFile; fileRef = 5FC813BB276A8D8B0085D604 /* CustomNavBarPrefrenceKeys.swift */; };
		5FE389E1275028AE00F69FF0 /* ButtonStyleBootcamp.swift in Sources */ = {isa = PBXBuildFile; fileRef = 5FE389E0275028AE00F69FF0 /* ButtonStyleBootcamp.swift */; };
		5FE389E3275034B000F69FF0 /* AnyTransitionBootcamp.swift in Sources */ = {isa = PBXBuildFile; fileRef = 5FE389E2275034B000F69FF0 /* AnyTransitionBootcamp.swift */; };
/* End PBXBuildFile section */

/* Begin PBXFileReference section */
		5F08660F2767EC2100D62433 /* PreferenceKeyBootcamp.swift */ = {isa = PBXFileReference; lastKnownFileType = sourcecode.swift; path = PreferenceKeyBootcamp.swift; sourceTree = "<group>"; };
		5F0866112767EF8800D62433 /* GeometryPreferenceKeyBootcamp.swift */ = {isa = PBXFileReference; lastKnownFileType = sourcecode.swift; path = GeometryPreferenceKeyBootcamp.swift; sourceTree = "<group>"; };
		5F0866142767F1D100D62433 /* ScrollViewOffsetPreferenceKeyBootcamp.swift */ = {isa = PBXFileReference; lastKnownFileType = sourcecode.swift; path = ScrollViewOffsetPreferenceKeyBootcamp.swift; sourceTree = "<group>"; };
		5F1F5E3C274D89FF0031EA9A /* PracticeProject2.app */ = {isa = PBXFileReference; explicitFileType = wrapper.application; includeInIndex = 0; path = PracticeProject2.app; sourceTree = BUILT_PRODUCTS_DIR; };
		5F1F5E3F274D89FF0031EA9A /* PracticeProject2App.swift */ = {isa = PBXFileReference; lastKnownFileType = sourcecode.swift; path = PracticeProject2App.swift; sourceTree = "<group>"; };
		5F1F5E43274D8A010031EA9A /* Assets.xcassets */ = {isa = PBXFileReference; lastKnownFileType = folder.assetcatalog; path = Assets.xcassets; sourceTree = "<group>"; };
		5F1F5E46274D8A010031EA9A /* Preview Assets.xcassets */ = {isa = PBXFileReference; lastKnownFileType = folder.assetcatalog; path = "Preview Assets.xcassets"; sourceTree = "<group>"; };
		5F1F5E4D274D8ABB0031EA9A /* ViewModifierBootcamp.swift */ = {isa = PBXFileReference; lastKnownFileType = sourcecode.swift; path = ViewModifierBootcamp.swift; sourceTree = "<group>"; };
		5F3907112767B7D500EAAD73 /* GenericsBootcamp.swift */ = {isa = PBXFileReference; lastKnownFileType = sourcecode.swift; path = GenericsBootcamp.swift; sourceTree = "<group>"; };
		5F3907152767C1CF00EAAD73 /* ViewBuilderBootcamp.swift */ = {isa = PBXFileReference; lastKnownFileType = sourcecode.swift; path = ViewBuilderBootcamp.swift; sourceTree = "<group>"; };
		5F3EB5DD2763CC6900A3720E /* MatchedGeometryEffectBootcamp.swift */ = {isa = PBXFileReference; lastKnownFileType = sourcecode.swift; path = MatchedGeometryEffectBootcamp.swift; sourceTree = "<group>"; };
		5F3EB5DF2763D22B00A3720E /* CustomShapesBootcamp.swift */ = {isa = PBXFileReference; lastKnownFileType = sourcecode.swift; path = CustomShapesBootcamp.swift; sourceTree = "<group>"; };
		5F49B69B27690AF7000AFB94 /* AppTabBarView.swift */ = {isa = PBXFileReference; lastKnownFileType = sourcecode.swift; path = AppTabBarView.swift; sourceTree = "<group>"; };
		5F49B69D27690C34000AFB94 /* CustomTabBarView.swift */ = {isa = PBXFileReference; lastKnownFileType = sourcecode.swift; path = CustomTabBarView.swift; sourceTree = "<group>"; };
		5F49B69F27690EF8000AFB94 /* CustomTabBarContainerView.swift */ = {isa = PBXFileReference; lastKnownFileType = sourcecode.swift; path = CustomTabBarContainerView.swift; sourceTree = "<group>"; };
		5F49B6A12769127A000AFB94 /* TabBarItemsPreferenceKeys.swift */ = {isa = PBXFileReference; lastKnownFileType = sourcecode.swift; path = TabBarItemsPreferenceKeys.swift; sourceTree = "<group>"; };
		5F49B6A32769158F000AFB94 /* TabBarItem.swift */ = {isa = PBXFileReference; lastKnownFileType = sourcecode.swift; path = TabBarItem.swift; sourceTree = "<group>"; };
		5F5B02D92765341E00ED1499 /* CustomCurvesBootcamp.swift */ = {isa = PBXFileReference; lastKnownFileType = sourcecode.swift; path = CustomCurvesBootcamp.swift; sourceTree = "<group>"; };
		5F82D2FC27668415007D434F /* AnimatableDataBootcamp.swift */ = {isa = PBXFileReference; lastKnownFileType = sourcecode.swift; path = AnimatableDataBootcamp.swift; sourceTree = "<group>"; };
		5FC813AE276A84510085D604 /* AppNavBarView.swift */ = {isa = PBXFileReference; lastKnownFileType = sourcecode.swift; path = AppNavBarView.swift; sourceTree = "<group>"; };
		5FC813B0276A85D90085D604 /* CustomNavBarView.swift */ = {isa = PBXFileReference; lastKnownFileType = sourcecode.swift; path = CustomNavBarView.swift; sourceTree = "<group>"; };
		5FC813B2276A879D0085D604 /* CustomNavBarContainerView.swift */ = {isa = PBXFileReference; lastKnownFileType = sourcecode.swift; path = CustomNavBarContainerView.swift; sourceTree = "<group>"; };
		5FC813B4276A89510085D604 /* CustomNavView.swift */ = {isa = PBXFileReference; lastKnownFileType = sourcecode.swift; path = CustomNavView.swift; sourceTree = "<group>"; };
		5FC813B9276A8AE50085D604 /* CustomNavLink.swift */ = {isa = PBXFileReference; lastKnownFileType = sourcecode.swift; path = CustomNavLink.swift; sourceTree = "<group>"; };
		5FC813BB276A8D8B0085D604 /* CustomNavBarPrefrenceKeys.swift */ = {isa = PBXFileReference; lastKnownFileType = sourcecode.swift; path = CustomNavBarPrefrenceKeys.swift; sourceTree = "<group>"; };
		5FE389E0275028AE00F69FF0 /* ButtonStyleBootcamp.swift */ = {isa = PBXFileReference; lastKnownFileType = sourcecode.swift; path = ButtonStyleBootcamp.swift; sourceTree = "<group>"; };
		5FE389E2275034B000F69FF0 /* AnyTransitionBootcamp.swift */ = {isa = PBXFileReference; lastKnownFileType = sourcecode.swift; path = AnyTransitionBootcamp.swift; sourceTree = "<group>"; };
/* End PBXFileReference section */

/* Begin PBXFrameworksBuildPhase section */
		5F1F5E39274D89FF0031EA9A /* Frameworks */ = {
			isa = PBXFrameworksBuildPhase;
			buildActionMask = 2147483647;
			files = (
			);
			runOnlyForDeploymentPostprocessing = 0;
		};
/* End PBXFrameworksBuildPhase section */

/* Begin PBXGroup section */
		5F0866132767EF8F00D62433 /* PreferenceKeysBootcamp */ = {
			isa = PBXGroup;
			children = (
				5F08660F2767EC2100D62433 /* PreferenceKeyBootcamp.swift */,
				5F0866112767EF8800D62433 /* GeometryPreferenceKeyBootcamp.swift */,
				5F0866142767F1D100D62433 /* ScrollViewOffsetPreferenceKeyBootcamp.swift */,
			);
			path = PreferenceKeysBootcamp;
			sourceTree = "<group>";
		};
		5F1F5E33274D89FF0031EA9A = {
			isa = PBXGroup;
			children = (
				5F1F5E3E274D89FF0031EA9A /* PracticeProject2 */,
				5F1F5E3D274D89FF0031EA9A /* Products */,
			);
			sourceTree = "<group>";
		};
		5F1F5E3D274D89FF0031EA9A /* Products */ = {
			isa = PBXGroup;
			children = (
				5F1F5E3C274D89FF0031EA9A /* PracticeProject2.app */,
			);
			name = Products;
			sourceTree = "<group>";
		};
		5F1F5E3E274D89FF0031EA9A /* PracticeProject2 */ = {
			isa = PBXGroup;
			children = (
				5F1F5E3F274D89FF0031EA9A /* PracticeProject2App.swift */,
				5F1F5E4D274D8ABB0031EA9A /* ViewModifierBootcamp.swift */,
				5FE389E0275028AE00F69FF0 /* ButtonStyleBootcamp.swift */,
				5FE389E2275034B000F69FF0 /* AnyTransitionBootcamp.swift */,
				5F3EB5DD2763CC6900A3720E /* MatchedGeometryEffectBootcamp.swift */,
				5F3EB5DF2763D22B00A3720E /* CustomShapesBootcamp.swift */,
				5F5B02D92765341E00ED1499 /* CustomCurvesBootcamp.swift */,
				5F82D2FC27668415007D434F /* AnimatableDataBootcamp.swift */,
				5F3907112767B7D500EAAD73 /* GenericsBootcamp.swift */,
				5F3907152767C1CF00EAAD73 /* ViewBuilderBootcamp.swift */,
				5F0866132767EF8F00D62433 /* PreferenceKeysBootcamp */,
				5F49B69A27690ADA000AFB94 /* CustomTabBar */,
				5FC813AD276A83F60085D604 /* CustomNavBar */,
				5F1F5E43274D8A010031EA9A /* Assets.xcassets */,
				5F1F5E45274D8A010031EA9A /* Preview Content */,
			);
			path = PracticeProject2;
			sourceTree = "<group>";
		};
		5F1F5E45274D8A010031EA9A /* Preview Content */ = {
			isa = PBXGroup;
			children = (
				5F1F5E46274D8A010031EA9A /* Preview Assets.xcassets */,
			);
			path = "Preview Content";
			sourceTree = "<group>";
		};
		5F49B69A27690ADA000AFB94 /* CustomTabBar */ = {
			isa = PBXGroup;
			children = (
				5F49B69B27690AF7000AFB94 /* AppTabBarView.swift */,
				5F49B69D27690C34000AFB94 /* CustomTabBarView.swift */,
				5F49B69F27690EF8000AFB94 /* CustomTabBarContainerView.swift */,
				5F49B6A12769127A000AFB94 /* TabBarItemsPreferenceKeys.swift */,
				5F49B6A32769158F000AFB94 /* TabBarItem.swift */,
			);
			path = CustomTabBar;
			sourceTree = "<group>";
		};
		5FC813AD276A83F60085D604 /* CustomNavBar */ = {
			isa = PBXGroup;
			children = (
				5FC813AE276A84510085D604 /* AppNavBarView.swift */,
				5FC813B4276A89510085D604 /* CustomNavView.swift */,
				5FC813B0276A85D90085D604 /* CustomNavBarView.swift */,
				5FC813B2276A879D0085D604 /* CustomNavBarContainerView.swift */,
				5FC813B9276A8AE50085D604 /* CustomNavLink.swift */,
				5FC813BB276A8D8B0085D604 /* CustomNavBarPrefrenceKeys.swift */,
			);
			path = CustomNavBar;
			sourceTree = "<group>";
		};
/* End PBXGroup section */

/* Begin PBXNativeTarget section */
		5F1F5E3B274D89FF0031EA9A /* PracticeProject2 */ = {
			isa = PBXNativeTarget;
			buildConfigurationList = 5F1F5E4A274D8A010031EA9A /* Build configuration list for PBXNativeTarget "PracticeProject2" */;
			buildPhases = (
				5F1F5E38274D89FF0031EA9A /* Sources */,
				5F1F5E39274D89FF0031EA9A /* Frameworks */,
				5F1F5E3A274D89FF0031EA9A /* Resources */,
			);
			buildRules = (
			);
			dependencies = (
			);
			name = PracticeProject2;
			productName = PracticeProject2;
			productReference = 5F1F5E3C274D89FF0031EA9A /* PracticeProject2.app */;
			productType = "com.apple.product-type.application";
		};
/* End PBXNativeTarget section */

/* Begin PBXProject section */
		5F1F5E34274D89FF0031EA9A /* Project object */ = {
			isa = PBXProject;
			attributes = {
				BuildIndependentTargetsInParallel = 1;
				LastSwiftUpdateCheck = 1310;
				LastUpgradeCheck = 1310;
				TargetAttributes = {
					5F1F5E3B274D89FF0031EA9A = {
						CreatedOnToolsVersion = 13.1;
					};
				};
			};
			buildConfigurationList = 5F1F5E37274D89FF0031EA9A /* Build configuration list for PBXProject "PracticeProject2" */;
			compatibilityVersion = "Xcode 13.0";
			developmentRegion = en;
			hasScannedForEncodings = 0;
			knownRegions = (
				en,
				Base,
			);
			mainGroup = 5F1F5E33274D89FF0031EA9A;
			productRefGroup = 5F1F5E3D274D89FF0031EA9A /* Products */;
			projectDirPath = "";
			projectRoot = "";
			targets = (
				5F1F5E3B274D89FF0031EA9A /* PracticeProject2 */,
			);
		};
/* End PBXProject section */

/* Begin PBXResourcesBuildPhase section */
		5F1F5E3A274D89FF0031EA9A /* Resources */ = {
			isa = PBXResourcesBuildPhase;
			buildActionMask = 2147483647;
			files = (
				5F1F5E47274D8A010031EA9A /* Preview Assets.xcassets in Resources */,
				5F1F5E44274D8A010031EA9A /* Assets.xcassets in Resources */,
			);
			runOnlyForDeploymentPostprocessing = 0;
		};
/* End PBXResourcesBuildPhase section */

/* Begin PBXSourcesBuildPhase section */
		5F1F5E38274D89FF0031EA9A /* Sources */ = {
			isa = PBXSourcesBuildPhase;
			buildActionMask = 2147483647;
			files = (
				5FC813AF276A84510085D604 /* AppNavBarView.swift in Sources */,
				5F49B69C27690AF7000AFB94 /* AppTabBarView.swift in Sources */,
				5FE389E1275028AE00F69FF0 /* ButtonStyleBootcamp.swift in Sources */,
				5F1F5E4E274D8ABB0031EA9A /* ViewModifierBootcamp.swift in Sources */,
				5FE389E3275034B000F69FF0 /* AnyTransitionBootcamp.swift in Sources */,
				5F1F5E40274D89FF0031EA9A /* PracticeProject2App.swift in Sources */,
				5F82D2FD27668415007D434F /* AnimatableDataBootcamp.swift in Sources */,
				5F49B69E27690C34000AFB94 /* CustomTabBarView.swift in Sources */,
				5F3907162767C1CF00EAAD73 /* ViewBuilderBootcamp.swift in Sources */,
				5FC813B5276A89510085D604 /* CustomNavView.swift in Sources */,
				5FC813B1276A85D90085D604 /* CustomNavBarView.swift in Sources */,
				5F3907122767B7D500EAAD73 /* GenericsBootcamp.swift in Sources */,
				5F0866122767EF8800D62433 /* GeometryPreferenceKeyBootcamp.swift in Sources */,
				5FC813BA276A8AE50085D604 /* CustomNavLink.swift in Sources */,
				5F3EB5DE2763CC6900A3720E /* MatchedGeometryEffectBootcamp.swift in Sources */,
				5F49B6A22769127A000AFB94 /* TabBarItemsPreferenceKeys.swift in Sources */,
				5F49B6A42769158F000AFB94 /* TabBarItem.swift in Sources */,
				5F3EB5E02763D22B00A3720E /* CustomShapesBootcamp.swift in Sources */,
				5F0866102767EC2100D62433 /* PreferenceKeyBootcamp.swift in Sources */,
				5FC813B3276A879D0085D604 /* CustomNavBarContainerView.swift in Sources */,
				5F0866152767F1D100D62433 /* ScrollViewOffsetPreferenceKeyBootcamp.swift in Sources */,
				5FC813BC276A8D8B0085D604 /* CustomNavBarPrefrenceKeys.swift in Sources */,
				5F5B02DA2765341E00ED1499 /* CustomCurvesBootcamp.swift in Sources */,
				5F49B6A027690EF8000AFB94 /* CustomTabBarContainerView.swift in Sources */,
			);
			runOnlyForDeploymentPostprocessing = 0;
		};
/* End PBXSourcesBuildPhase section */

/* Begin XCBuildConfiguration section */
		5F1F5E48274D8A010031EA9A /* Debug */ = {
			isa = XCBuildConfiguration;
			buildSettings = {
				ALWAYS_SEARCH_USER_PATHS = NO;
				CLANG_ANALYZER_NONNULL = YES;
				CLANG_ANALYZER_NUMBER_OBJECT_CONVERSION = YES_AGGRESSIVE;
				CLANG_CXX_LANGUAGE_STANDARD = "gnu++17";
				CLANG_CXX_LIBRARY = "libc++";
				CLANG_ENABLE_MODULES = YES;
				CLANG_ENABLE_OBJC_ARC = YES;
				CLANG_ENABLE_OBJC_WEAK = YES;
				CLANG_WARN_BLOCK_CAPTURE_AUTORELEASING = YES;
				CLANG_WARN_BOOL_CONVERSION = YES;
				CLANG_WARN_COMMA = YES;
				CLANG_WARN_CONSTANT_CONVERSION = YES;
				CLANG_WARN_DEPRECATED_OBJC_IMPLEMENTATIONS = YES;
				CLANG_WARN_DIRECT_OBJC_ISA_USAGE = YES_ERROR;
				CLANG_WARN_DOCUMENTATION_COMMENTS = YES;
				CLANG_WARN_EMPTY_BODY = YES;
				CLANG_WARN_ENUM_CONVERSION = YES;
				CLANG_WARN_INFINITE_RECURSION = YES;
				CLANG_WARN_INT_CONVERSION = YES;
				CLANG_WARN_NON_LITERAL_NULL_CONVERSION = YES;
				CLANG_WARN_OBJC_IMPLICIT_RETAIN_SELF = YES;
				CLANG_WARN_OBJC_LITERAL_CONVERSION = YES;
				CLANG_WARN_OBJC_ROOT_CLASS = YES_ERROR;
				CLANG_WARN_QUOTED_INCLUDE_IN_FRAMEWORK_HEADER = YES;
				CLANG_WARN_RANGE_LOOP_ANALYSIS = YES;
				CLANG_WARN_STRICT_PROTOTYPES = YES;
				CLANG_WARN_SUSPICIOUS_MOVE = YES;
				CLANG_WARN_UNGUARDED_AVAILABILITY = YES_AGGRESSIVE;
				CLANG_WARN_UNREACHABLE_CODE = YES;
				CLANG_WARN__DUPLICATE_METHOD_MATCH = YES;
				COPY_PHASE_STRIP = NO;
				DEBUG_INFORMATION_FORMAT = dwarf;
				ENABLE_STRICT_OBJC_MSGSEND = YES;
				ENABLE_TESTABILITY = YES;
				GCC_C_LANGUAGE_STANDARD = gnu11;
				GCC_DYNAMIC_NO_PIC = NO;
				GCC_NO_COMMON_BLOCKS = YES;
				GCC_OPTIMIZATION_LEVEL = 0;
				GCC_PREPROCESSOR_DEFINITIONS = (
					"DEBUG=1",
					"$(inherited)",
				);
				GCC_WARN_64_TO_32_BIT_CONVERSION = YES;
				GCC_WARN_ABOUT_RETURN_TYPE = YES_ERROR;
				GCC_WARN_UNDECLARED_SELECTOR = YES;
				GCC_WARN_UNINITIALIZED_AUTOS = YES_AGGRESSIVE;
				GCC_WARN_UNUSED_FUNCTION = YES;
				GCC_WARN_UNUSED_VARIABLE = YES;
				IPHONEOS_DEPLOYMENT_TARGET = 15.0;
				MTL_ENABLE_DEBUG_INFO = INCLUDE_SOURCE;
				MTL_FAST_MATH = YES;
				ONLY_ACTIVE_ARCH = YES;
				SDKROOT = iphoneos;
				SWIFT_ACTIVE_COMPILATION_CONDITIONS = DEBUG;
				SWIFT_OPTIMIZATION_LEVEL = "-Onone";
			};
			name = Debug;
		};
		5F1F5E49274D8A010031EA9A /* Release */ = {
			isa = XCBuildConfiguration;
			buildSettings = {
				ALWAYS_SEARCH_USER_PATHS = NO;
				CLANG_ANALYZER_NONNULL = YES;
				CLANG_ANALYZER_NUMBER_OBJECT_CONVERSION = YES_AGGRESSIVE;
				CLANG_CXX_LANGUAGE_STANDARD = "gnu++17";
				CLANG_CXX_LIBRARY = "libc++";
				CLANG_ENABLE_MODULES = YES;
				CLANG_ENABLE_OBJC_ARC = YES;
				CLANG_ENABLE_OBJC_WEAK = YES;
				CLANG_WARN_BLOCK_CAPTURE_AUTORELEASING = YES;
				CLANG_WARN_BOOL_CONVERSION = YES;
				CLANG_WARN_COMMA = YES;
				CLANG_WARN_CONSTANT_CONVERSION = YES;
				CLANG_WARN_DEPRECATED_OBJC_IMPLEMENTATIONS = YES;
				CLANG_WARN_DIRECT_OBJC_ISA_USAGE = YES_ERROR;
				CLANG_WARN_DOCUMENTATION_COMMENTS = YES;
				CLANG_WARN_EMPTY_BODY = YES;
				CLANG_WARN_ENUM_CONVERSION = YES;
				CLANG_WARN_INFINITE_RECURSION = YES;
				CLANG_WARN_INT_CONVERSION = YES;
				CLANG_WARN_NON_LITERAL_NULL_CONVERSION = YES;
				CLANG_WARN_OBJC_IMPLICIT_RETAIN_SELF = YES;
				CLANG_WARN_OBJC_LITERAL_CONVERSION = YES;
				CLANG_WARN_OBJC_ROOT_CLASS = YES_ERROR;
				CLANG_WARN_QUOTED_INCLUDE_IN_FRAMEWORK_HEADER = YES;
				CLANG_WARN_RANGE_LOOP_ANALYSIS = YES;
				CLANG_WARN_STRICT_PROTOTYPES = YES;
				CLANG_WARN_SUSPICIOUS_MOVE = YES;
				CLANG_WARN_UNGUARDED_AVAILABILITY = YES_AGGRESSIVE;
				CLANG_WARN_UNREACHABLE_CODE = YES;
				CLANG_WARN__DUPLICATE_METHOD_MATCH = YES;
				COPY_PHASE_STRIP = NO;
				DEBUG_INFORMATION_FORMAT = "dwarf-with-dsym";
				ENABLE_NS_ASSERTIONS = NO;
				ENABLE_STRICT_OBJC_MSGSEND = YES;
				GCC_C_LANGUAGE_STANDARD = gnu11;
				GCC_NO_COMMON_BLOCKS = YES;
				GCC_WARN_64_TO_32_BIT_CONVERSION = YES;
				GCC_WARN_ABOUT_RETURN_TYPE = YES_ERROR;
				GCC_WARN_UNDECLARED_SELECTOR = YES;
				GCC_WARN_UNINITIALIZED_AUTOS = YES_AGGRESSIVE;
				GCC_WARN_UNUSED_FUNCTION = YES;
				GCC_WARN_UNUSED_VARIABLE = YES;
				IPHONEOS_DEPLOYMENT_TARGET = 15.0;
				MTL_ENABLE_DEBUG_INFO = NO;
				MTL_FAST_MATH = YES;
				SDKROOT = iphoneos;
				SWIFT_COMPILATION_MODE = wholemodule;
				SWIFT_OPTIMIZATION_LEVEL = "-O";
				VALIDATE_PRODUCT = YES;
			};
			name = Release;
		};
		5F1F5E4B274D8A010031EA9A /* Debug */ = {
			isa = XCBuildConfiguration;
			buildSettings = {
				ASSETCATALOG_COMPILER_APPICON_NAME = AppIcon;
				ASSETCATALOG_COMPILER_GLOBAL_ACCENT_COLOR_NAME = AccentColor;
				CODE_SIGN_STYLE = Automatic;
				CURRENT_PROJECT_VERSION = 1;
				DEVELOPMENT_ASSET_PATHS = "\"PracticeProject2/Preview Content\"";
				DEVELOPMENT_TEAM = Q3JU6T27Y3;
				ENABLE_PREVIEWS = YES;
				GENERATE_INFOPLIST_FILE = YES;
				INFOPLIST_KEY_UIApplicationSceneManifest_Generation = YES;
				INFOPLIST_KEY_UIApplicationSupportsIndirectInputEvents = YES;
				INFOPLIST_KEY_UILaunchScreen_Generation = YES;
				INFOPLIST_KEY_UISupportedInterfaceOrientations_iPad = "UIInterfaceOrientationPortrait UIInterfaceOrientationPortraitUpsideDown UIInterfaceOrientationLandscapeLeft UIInterfaceOrientationLandscapeRight";
				INFOPLIST_KEY_UISupportedInterfaceOrientations_iPhone = "UIInterfaceOrientationPortrait UIInterfaceOrientationLandscapeLeft UIInterfaceOrientationLandscapeRight";
				LD_RUNPATH_SEARCH_PATHS = (
					"$(inherited)",
					"@executable_path/Frameworks",
				);
				MARKETING_VERSION = 1.0;
				PRODUCT_BUNDLE_IDENTIFIER = com.lukinafirmetina.PracticeProject2;
				PRODUCT_NAME = "$(TARGET_NAME)";
				SWIFT_EMIT_LOC_STRINGS = YES;
				SWIFT_VERSION = 5.0;
				TARGETED_DEVICE_FAMILY = "1,2";
			};
			name = Debug;
		};
		5F1F5E4C274D8A010031EA9A /* Release */ = {
			isa = XCBuildConfiguration;
			buildSettings = {
				ASSETCATALOG_COMPILER_APPICON_NAME = AppIcon;
				ASSETCATALOG_COMPILER_GLOBAL_ACCENT_COLOR_NAME = AccentColor;
				CODE_SIGN_STYLE = Automatic;
				CURRENT_PROJECT_VERSION = 1;
				DEVELOPMENT_ASSET_PATHS = "\"PracticeProject2/Preview Content\"";
				DEVELOPMENT_TEAM = Q3JU6T27Y3;
				ENABLE_PREVIEWS = YES;
				GENERATE_INFOPLIST_FILE = YES;
				INFOPLIST_KEY_UIApplicationSceneManifest_Generation = YES;
				INFOPLIST_KEY_UIApplicationSupportsIndirectInputEvents = YES;
				INFOPLIST_KEY_UILaunchScreen_Generation = YES;
				INFOPLIST_KEY_UISupportedInterfaceOrientations_iPad = "UIInterfaceOrientationPortrait UIInterfaceOrientationPortraitUpsideDown UIInterfaceOrientationLandscapeLeft UIInterfaceOrientationLandscapeRight";
				INFOPLIST_KEY_UISupportedInterfaceOrientations_iPhone = "UIInterfaceOrientationPortrait UIInterfaceOrientationLandscapeLeft UIInterfaceOrientationLandscapeRight";
				LD_RUNPATH_SEARCH_PATHS = (
					"$(inherited)",
					"@executable_path/Frameworks",
				);
				MARKETING_VERSION = 1.0;
				PRODUCT_BUNDLE_IDENTIFIER = com.lukinafirmetina.PracticeProject2;
				PRODUCT_NAME = "$(TARGET_NAME)";
				SWIFT_EMIT_LOC_STRINGS = YES;
				SWIFT_VERSION = 5.0;
				TARGETED_DEVICE_FAMILY = "1,2";
			};
			name = Release;
		};
/* End XCBuildConfiguration section */

/* Begin XCConfigurationList section */
		5F1F5E37274D89FF0031EA9A /* Build configuration list for PBXProject "PracticeProject2" */ = {
			isa = XCConfigurationList;
			buildConfigurations = (
				5F1F5E48274D8A010031EA9A /* Debug */,
				5F1F5E49274D8A010031EA9A /* Release */,
			);
			defaultConfigurationIsVisible = 0;
			defaultConfigurationName = Release;
		};
		5F1F5E4A274D8A010031EA9A /* Build configuration list for PBXNativeTarget "PracticeProject2" */ = {
			isa = XCConfigurationList;
			buildConfigurations = (
				5F1F5E4B274D8A010031EA9A /* Debug */,
				5F1F5E4C274D8A010031EA9A /* Release */,
			);
			defaultConfigurationIsVisible = 0;
			defaultConfigurationName = Release;
		};
/* End XCConfigurationList section */
	};
	rootObject = 5F1F5E34274D89FF0031EA9A /* Project object */;
}
